
Microsoft Visual Studio Solution File, Format Version 12.00
# Visual Studio Version 17
VisualStudioVersion = 17.9.34723.18
MinimumVisualStudioVersion = 10.0.40219.1
Project("{8BC9CEB8-8B4A-11D0-8D11-00A0C91BC942}") = "DSALAB05TASK1", "DSALAB05TASK1.vcxproj", "{3AB18842-454D-4081-BF3B-A4E1CA9EAC63}"
EndProject
Global
	GlobalSection(SolutionConfigurationPlatforms) = preSolution
		Debug|x64 = Debug|x64
		Debug|x86 = Debug|x86
		Release|x64 = Release|x64
		Release|x86 = Release|x86
	EndGlobalSection
	GlobalSection(ProjectConfigurationPlatforms) = postSolution
		{3AB18842-454D-4081-BF3B-A4E1CA9EAC63}.Debug|x64.ActiveCfg = Debug|x64
		{3AB18842-454D-4081-BF3B-A4E1CA9EAC63}.Debug|x64.Build.0 = Debug|x64
		{3AB18842-454D-4081-BF3B-A4E1CA9EAC63}.Debug|x86.ActiveCfg = Debug|Win32
		{3AB18842-454D-4081-BF3B-A4E1CA9EAC63}.Debug|x86.Build.0 = Debug|Win32
		{3AB18842-454D-4081-BF3B-A4E1CA9EAC63}.Release|x64.ActiveCfg = Release|x64
		{3AB18842-454D-4081-BF3B-A4E1CA9EAC63}.Release|x64.Build.0 = Release|x64
		{3AB18842-454D-4081-BF3B-A4E1CA9EAC63}.Release|x86.ActiveCfg = Release|Win32
		{3AB18842-454D-4081-BF3B-A4E1CA9EAC63}.Release|x86.Build.0 = Release|Win32
	EndGlobalSection
	GlobalSection(SolutionProperties) = preSolution
		HideSolutionNode = FALSE
	EndGlobalSection
	GlobalSection(ExtensibilityGlobals) = postSolution
		SolutionGuid = {F8650483-3ABD-4A22-AE54-068B6D251A41}
	EndGlobalSection
EndGlobal
